
Microsoft Visual Studio Solution File, Format Version 12.00
# Visual Studio Version 17
VisualStudioVersion = 17.6.33829.357
MinimumVisualStudioVersion = 10.0.40219.1
Project("{FAE04EC0-301F-11D3-BF4B-00C04F79EFBC}") = "ConceitosBasicos", "ConceitosBasicos\ConceitosBasicos.csproj", "{369A3777-2C17-422A-886B-75B5EA1FA887}"
EndProject
Global
	GlobalSection(SolutionConfigurationPlatforms) = preSolution
		Debug|Any CPU = Debug|Any CPU
		Release|Any CPU = Release|Any CPU
	EndGlobalSection
	GlobalSection(ProjectConfigurationPlatforms) = postSolution
		{369A3777-2C17-422A-886B-75B5EA1FA887}.Debug|Any CPU.ActiveCfg = Debug|Any CPU
		{369A3777-2C17-422A-886B-75B5EA1FA887}.Debug|Any CPU.Build.0 = Debug|Any CPU
		{369A3777-2C17-422A-886B-75B5EA1FA887}.Release|Any CPU.ActiveCfg = Release|Any CPU
		{369A3777-2C17-422A-886B-75B5EA1FA887}.Release|Any CPU.Build.0 = Release|Any CPU
	EndGlobalSection
	GlobalSection(SolutionProperties) = preSolution
		HideSolutionNode = FALSE
	EndGlobalSection
	GlobalSection(ExtensibilityGlobals) = postSolution
		SolutionGuid = {5874CD4A-337B-468F-973B-BFD4DF14462D}
	EndGlobalSection
EndGlobal
